
Microsoft Visual Studio Solution File, Format Version 12.00
# Visual Studio Version 16
VisualStudioVersion = 16.0.30711.63
MinimumVisualStudioVersion = 10.0.40219.1
Project("{9A19103F-16F7-4668-BE54-9A1E7A4F7556}") = "Wisterraria", "Wisterraria.csproj", "{2CCCA74E-A1C7-4DD1-A5F3-70ECEB6DE2D2}"
EndProject
Global
	GlobalSection(SolutionConfigurationPlatforms) = preSolution
		Debug|Any CPU = Debug|Any CPU
		Release|Any CPU = Release|Any CPU
	EndGlobalSection
	GlobalSection(ProjectConfigurationPlatforms) = postSolution
		{2CCCA74E-A1C7-4DD1-A5F3-70ECEB6DE2D2}.Debug|Any CPU.ActiveCfg = Debug|Any CPU
		{2CCCA74E-A1C7-4DD1-A5F3-70ECEB6DE2D2}.Debug|Any CPU.Build.0 = Debug|Any CPU
		{2CCCA74E-A1C7-4DD1-A5F3-70ECEB6DE2D2}.Release|Any CPU.ActiveCfg = Release|Any CPU
		{2CCCA74E-A1C7-4DD1-A5F3-70ECEB6DE2D2}.Release|Any CPU.Build.0 = Release|Any CPU
	EndGlobalSection
	GlobalSection(SolutionProperties) = preSolution
		HideSolutionNode = FALSE
	EndGlobalSection
	GlobalSection(ExtensibilityGlobals) = postSolution
		SolutionGuid = {FC8B4EE1-2F60-438C-9931-2BE74F82A777}
	EndGlobalSection
EndGlobal
